
Microsoft Visual Studio Solution File, Format Version 12.00
# Visual Studio Version 17
VisualStudioVersion = 17.5.33530.505
MinimumVisualStudioVersion = 10.0.40219.1
Project("{FAE04EC0-301F-11D3-BF4B-00C04F79EFBC}") = "GameStarts", "GameStarts\GameStarts.csproj", "{CEDDFE98-CB6A-4FCE-AE54-02BFA29C2802}"
EndProject
Global
	GlobalSection(SolutionConfigurationPlatforms) = preSolution
		Debug|Any CPU = Debug|Any CPU
		Release|Any CPU = Release|Any CPU
	EndGlobalSection
	GlobalSection(ProjectConfigurationPlatforms) = postSolution
		{CEDDFE98-CB6A-4FCE-AE54-02BFA29C2802}.Debug|Any CPU.ActiveCfg = Debug|Any CPU
		{CEDDFE98-CB6A-4FCE-AE54-02BFA29C2802}.Debug|Any CPU.Build.0 = Debug|Any CPU
		{CEDDFE98-CB6A-4FCE-AE54-02BFA29C2802}.Release|Any CPU.ActiveCfg = Release|Any CPU
		{CEDDFE98-CB6A-4FCE-AE54-02BFA29C2802}.Release|Any CPU.Build.0 = Release|Any CPU
	EndGlobalSection
	GlobalSection(SolutionProperties) = preSolution
		HideSolutionNode = FALSE
	EndGlobalSection
	GlobalSection(ExtensibilityGlobals) = postSolution
		SolutionGuid = {ACB15A74-07F4-4558-A8CC-DB62AA10D5BF}
	EndGlobalSection
EndGlobal
